Microsoft Visual Studio Solution File, Format Version 11.00
# Visual Studio 2008

Project("{287044A0-0665-1BBB-A914-15250885844D}") = "Quill_BaseBuilding_Tut", "Assembly-CSharp.csproj", "{9D37DC3A-B6A8-165B-C081-B6441D3B2F4C}"
EndProject
Global
	GlobalSection(SolutionConfigurationPlatforms) = preSolution
		Debug|Any CPU = Debug|Any CPU
		Release|Any CPU = Release|Any CPU
	EndGlobalSection
	GlobalSection(ProjectConfigurationPlatforms) = postSolution
		{9D37DC3A-B6A8-165B-C081-B6441D3B2F4C}.Debug|Any CPU.ActiveCfg = Debug|Any CPU
		{9D37DC3A-B6A8-165B-C081-B6441D3B2F4C}.Debug|Any CPU.Build.0 = Debug|Any CPU
		{9D37DC3A-B6A8-165B-C081-B6441D3B2F4C}.Release|Any CPU.ActiveCfg = Release|Any CPU
		{9D37DC3A-B6A8-165B-C081-B6441D3B2F4C}.Release|Any CPU.Build.0 = Release|Any CPU
	EndGlobalSection
	GlobalSection(SolutionProperties) = preSolution
		HideSolutionNode = FALSE
	EndGlobalSection
	GlobalSection(MonoDevelopProperties) = preSolution
		StartupItem = Assembly-CSharp.csproj
	EndGlobalSection
EndGlobal
